// !$*UTF8*$!
{
	archiveVersion = 1;
	classes = {
	};
	objectVersion = 77;
	objects = {

/* Begin PBXBuildFile section */
		ACDA5B9F2F06CF77007FF65F /* WidgetKit.framework in Frameworks */ = {isa = PBXBuildFile; fileRef = ACE68D0D2EFC421700FD186D /* WidgetKit.framework */; };
		ACDA5BA02F06CF77007FF65F /* SwiftUI.framework in Frameworks */ = {isa = PBXBuildFile; fileRef = ACE68D0F2EFC421700FD186D /* SwiftUI.framework */; };
		ACDA5BAF2F06CF78007FF65F /* StatsWidgetExtension.appex in Embed Foundation Extensions */ = {isa = PBXBuildFile; fileRef = ACDA5B9E2F06CF77007FF65F /* StatsWidgetExtension.appex */; settings = {ATTRIBUTES = (RemoveHeadersOnCopy, ); }; };
		ACE68D0E2EFC421700FD186D /* WidgetKit.framework in Frameworks */ = {isa = PBXBuildFile; fileRef = ACE68D0D2EFC421700FD186D /* WidgetKit.framework */; };
		ACE68D102EFC421700FD186D /* SwiftUI.framework in Frameworks */ = {isa = PBXBuildFile; fileRef = ACE68D0F2EFC421700FD186D /* SwiftUI.framework */; };
		ACE68D212EFC421800FD186D /* WorkoutTimerWidgetExtension.appex in Embed Foundation Extensions */ = {isa = PBXBuildFile; fileRef = ACE68D0B2EFC421700FD186D /* WorkoutTimerWidgetExtension.appex */; settings = {ATTRIBUTES = (RemoveHeadersOnCopy, ); }; };
/* End PBXBuildFile section */

/* Begin PBXContainerItemProxy section */
		AC71653F2F0169FC00C0DCDE /* PBXContainerItemProxy */ = {
			isa = PBXContainerItemProxy;
			containerPortal = ACE68CD12EFBFD1900FD186D /* Project object */;
			proxyType = 1;
			remoteGlobalIDString = ACF4FC842F01579900850F6E;
			remoteInfo = WorkoutTrackerWatch;
		};
		AC7165412F016A0000C0DCDE /* PBXContainerItemProxy */ = {
			isa = PBXContainerItemProxy;
			containerPortal = ACE68CD12EFBFD1900FD186D /* Project object */;
			proxyType = 1;
			remoteGlobalIDString = ACF4FC842F01579900850F6E;
			remoteInfo = WorkoutTrackerWatch;
		};
		ACDA5BAD2F06CF78007FF65F /* PBXContainerItemProxy */ = {
			isa = PBXContainerItemProxy;
			containerPortal = ACE68CD12EFBFD1900FD186D /* Project object */;
			proxyType = 1;
			remoteGlobalIDString = ACDA5B9D2F06CF77007FF65F;
			remoteInfo = StatsWidgetExtension;
		};
		ACE68D1F2EFC421800FD186D /* PBXContainerItemProxy */ = {
			isa = PBXContainerItemProxy;
			containerPortal = ACE68CD12EFBFD1900FD186D /* Project object */;
			proxyType = 1;
			remoteGlobalIDString = ACE68D0A2EFC421700FD186D;
			remoteInfo = WorkoutTimerWidgetExtension;
		};
		ACF4FCA42F01684800850F6E /* PBXContainerItemProxy */ = {
			isa = PBXContainerItemProxy;
			containerPortal = ACE68CD12EFBFD1900FD186D /* Project object */;
			proxyType = 1;
			remoteGlobalIDString = ACF4FC842F01579900850F6E;
			remoteInfo = WorkoutTrackerWatch;
		};
		ACF4FCA62F01685000850F6E /* PBXContainerItemProxy */ = {
			isa = PBXContainerItemProxy;
			containerPortal = ACE68CD12EFBFD1900FD186D /* Project object */;
			proxyType = 1;
			remoteGlobalIDString = ACF4FC842F01579900850F6E;
			remoteInfo = WorkoutTrackerWatch;
		};
		ACF4FCA82F01698C00850F6E /* PBXContainerItemProxy */ = {
			isa = PBXContainerItemProxy;
			containerPortal = ACE68CD12EFBFD1900FD186D /* Project object */;
			proxyType = 1;
			remoteGlobalIDString = ACF4FC842F01579900850F6E;
			remoteInfo = WorkoutTrackerWatch;
		};
/* End PBXContainerItemProxy section */

/* Begin PBXCopyFilesBuildPhase section */
		ACE68D262EFC421800FD186D /* Embed Foundation Extensions */ = {
			isa = PBXCopyFilesBuildPhase;
			buildActionMask = 2147483647;
			dstPath = "";
			dstSubfolderSpec = 13;
			files = (
				ACDA5BAF2F06CF78007FF65F /* StatsWidgetExtension.appex in Embed Foundation Extensions */,
				ACE68D212EFC421800FD186D /* WorkoutTimerWidgetExtension.appex in Embed Foundation Extensions */,
			);
			name = "Embed Foundation Extensions";
			runOnlyForDeploymentPostprocessing = 0;
		};
		ACF4FCAD2F01698F00850F6E /* Embed Watch Content */ = {
			isa = PBXCopyFilesBuildPhase;
			buildActionMask = 2147483647;
			dstPath = "$(CONTENTS_FOLDER_PATH)/Watch";
			dstSubfolderSpec = 16;
			files = (
			);
			name = "Embed Watch Content";
			runOnlyForDeploymentPostprocessing = 0;
		};
/* End PBXCopyFilesBuildPhase section */

/* Begin PBXFileReference section */
		ACDA5B9E2F06CF77007FF65F /* StatsWidgetExtension.appex */ = {isa = PBXFileReference; explicitFileType = "wrapper.app-extension"; includeInIndex = 0; path = StatsWidgetExtension.appex; sourceTree = BUILT_PRODUCTS_DIR; };
		ACDA5BB42F06CF92007FF65F /* StatsWidgetExtension.entitlements */ = {isa = PBXFileReference; lastKnownFileType = text.plist.entitlements; path = StatsWidgetExtension.entitlements; sourceTree = "<group>"; };
		ACE68CD92EFBFD1A00FD186D /* WorkoutTracker.app */ = {isa = PBXFileReference; explicitFileType = wrapper.application; includeInIndex = 0; path = WorkoutTracker.app; sourceTree = BUILT_PRODUCTS_DIR; };
		ACE68D0B2EFC421700FD186D /* WorkoutTimerWidgetExtension.appex */ = {isa = PBXFileReference; explicitFileType = "wrapper.app-extension"; includeInIndex = 0; path = WorkoutTimerWidgetExtension.appex; sourceTree = BUILT_PRODUCTS_DIR; };
		ACE68D0D2EFC421700FD186D /* WidgetKit.framework */ = {isa = PBXFileReference; lastKnownFileType = wrapper.framework; name = WidgetKit.framework; path = System/Library/Frameworks/WidgetKit.framework; sourceTree = SDKROOT; };
		ACE68D0F2EFC421700FD186D /* SwiftUI.framework */ = {isa = PBXFileReference; lastKnownFileType = wrapper.framework; name = SwiftUI.framework; path = System/Library/Frameworks/SwiftUI.framework; sourceTree = SDKROOT; };
/* End PBXFileReference section */

/* Begin PBXFileSystemSynchronizedBuildFileExceptionSet section */
		ACDA5B942F06BF1F007FF65F /* Exceptions for "WorkoutTracker" folder in "WorkoutTracker" target */ = {
			isa = PBXFileSystemSynchronizedBuildFileExceptionSet;
			membershipExceptions = (
				Info.plist,
			);
			target = ACE68CD82EFBFD1900FD186D /* WorkoutTracker */;
		};
		ACDA5BB32F06CF78007FF65F /* Exceptions for "StatsWidget" folder in "StatsWidgetExtension" target */ = {
			isa = PBXFileSystemSynchronizedBuildFileExceptionSet;
			membershipExceptions = (
				Info.plist,
			);
			target = ACDA5B9D2F06CF77007FF65F /* StatsWidgetExtension */;
		};
		ACDA5BB62F06D002007FF65F /* Exceptions for "WorkoutTracker" folder in "StatsWidgetExtension" target */ = {
			isa = PBXFileSystemSynchronizedBuildFileExceptionSet;
			membershipExceptions = (
				Managers/WidgetDataShared.swift,
			);
			target = ACDA5B9D2F06CF77007FF65F /* StatsWidgetExtension */;
		};
		ACE68D222EFC421800FD186D /* Exceptions for "WorkoutTimerWidget" folder in "WorkoutTimerWidgetExtension" target */ = {
			isa = PBXFileSystemSynchronizedBuildFileExceptionSet;
			membershipExceptions = (
				Info.plist,
			);
			target = ACE68D0A2EFC421700FD186D /* WorkoutTimerWidgetExtension */;
		};
		ACE68D2C2EFC43AF00FD186D /* Exceptions for "WorkoutTracker" folder in "WorkoutTimerWidgetExtension" target */ = {
			isa = PBXFileSystemSynchronizedBuildFileExceptionSet;
			membershipExceptions = (
				Models/WorkoutActivityAttributes.swift,
			);
			target = ACE68D0A2EFC421700FD186D /* WorkoutTimerWidgetExtension */;
		};
/* End PBXFileSystemSynchronizedBuildFileExceptionSet section */

/* Begin PBXFileSystemSynchronizedRootGroup section */
		ACDA5BA12F06CF77007FF65F /* StatsWidget */ = {
			isa = PBXFileSystemSynchronizedRootGroup;
			exceptions = (
				ACDA5BB32F06CF78007FF65F /* Exceptions for "StatsWidget" folder in "StatsWidgetExtension" target */,
			);
			path = StatsWidget;
			sourceTree = "<group>";
		};
		ACE68CDB2EFBFD1A00FD186D /* WorkoutTracker */ = {
			isa = PBXFileSystemSynchronizedRootGroup;
			exceptions = (
				ACDA5B942F06BF1F007FF65F /* Exceptions for "WorkoutTracker" folder in "WorkoutTracker" target */,
				ACE68D2C2EFC43AF00FD186D /* Exceptions for "WorkoutTracker" folder in "WorkoutTimerWidgetExtension" target */,
				ACDA5BB62F06D002007FF65F /* Exceptions for "WorkoutTracker" folder in "StatsWidgetExtension" target */,
			);
			path = WorkoutTracker;
			sourceTree = "<group>";
		};
		ACE68D112EFC421700FD186D /* WorkoutTimerWidget */ = {
			isa = PBXFileSystemSynchronizedRootGroup;
			exceptions = (
				ACE68D222EFC421800FD186D /* Exceptions for "WorkoutTimerWidget" folder in "WorkoutTimerWidgetExtension" target */,
			);
			path = WorkoutTimerWidget;
			sourceTree = "<group>";
		};
/* End PBXFileSystemSynchronizedRootGroup section */

/* Begin PBXFrameworksBuildPhase section */
		ACDA5B9B2F06CF77007FF65F /* Frameworks */ = {
			isa = PBXFrameworksBuildPhase;
			buildActionMask = 2147483647;
			files = (
				ACDA5BA02F06CF77007FF65F /* SwiftUI.framework in Frameworks */,
				ACDA5B9F2F06CF77007FF65F /* WidgetKit.framework in Frameworks */,
			);
			runOnlyForDeploymentPostprocessing = 0;
		};
		ACE68CD62EFBFD1900FD186D /* Frameworks */ = {
			isa = PBXFrameworksBuildPhase;
			buildActionMask = 2147483647;
			files = (
			);
			runOnlyForDeploymentPostprocessing = 0;
		};
		ACE68D082EFC421700FD186D /* Frameworks */ = {
			isa = PBXFrameworksBuildPhase;
			buildActionMask = 2147483647;
			files = (
				ACE68D102EFC421700FD186D /* SwiftUI.framework in Frameworks */,
				ACE68D0E2EFC421700FD186D /* WidgetKit.framework in Frameworks */,
			);
			runOnlyForDeploymentPostprocessing = 0;
		};
/* End PBXFrameworksBuildPhase section */

/* Begin PBXGroup section */
		ACE68CD02EFBFD1900FD186D = {
			isa = PBXGroup;
			children = (
				ACDA5BB42F06CF92007FF65F /* StatsWidgetExtension.entitlements */,
				ACE68CDB2EFBFD1A00FD186D /* WorkoutTracker */,
				ACE68D112EFC421700FD186D /* WorkoutTimerWidget */,
				ACDA5BA12F06CF77007FF65F /* StatsWidget */,
				ACE68D0C2EFC421700FD186D /* Frameworks */,
				ACE68CDA2EFBFD1A00FD186D /* Products */,
			);
			sourceTree = "<group>";
		};
		ACE68CDA2EFBFD1A00FD186D /* Products */ = {
			isa = PBXGroup;
			children = (
				ACE68CD92EFBFD1A00FD186D /* WorkoutTracker.app */,
				ACE68D0B2EFC421700FD186D /* WorkoutTimerWidgetExtension.appex */,
				ACDA5B9E2F06CF77007FF65F /* StatsWidgetExtension.appex */,
			);
			name = Products;
			sourceTree = "<group>";
		};
		ACE68D0C2EFC421700FD186D /* Frameworks */ = {
			isa = PBXGroup;
			children = (
				ACE68D0D2EFC421700FD186D /* WidgetKit.framework */,
				ACE68D0F2EFC421700FD186D /* SwiftUI.framework */,
			);
			name = Frameworks;
			sourceTree = "<group>";
		};
/* End PBXGroup section */

/* Begin PBXNativeTarget section */
		ACDA5B9D2F06CF77007FF65F /* StatsWidgetExtension */ = {
			isa = PBXNativeTarget;
			buildConfigurationList = ACDA5BB02F06CF78007FF65F /* Build configuration list for PBXNativeTarget "StatsWidgetExtension" */;
			buildPhases = (
				ACDA5B9A2F06CF77007FF65F /* Sources */,
				ACDA5B9B2F06CF77007FF65F /* Frameworks */,
				ACDA5B9C2F06CF77007FF65F /* Resources */,
			);
			buildRules = (
			);
			dependencies = (
			);
			fileSystemSynchronizedGroups = (
				ACDA5BA12F06CF77007FF65F /* StatsWidget */,
			);
			name = StatsWidgetExtension;
			packageProductDependencies = (
			);
			productName = StatsWidgetExtension;
			productReference = ACDA5B9E2F06CF77007FF65F /* StatsWidgetExtension.appex */;
			productType = "com.apple.product-type.app-extension";
		};
		ACE68CD82EFBFD1900FD186D /* WorkoutTracker */ = {
			isa = PBXNativeTarget;
			buildConfigurationList = ACE68CE42EFBFD1A00FD186D /* Build configuration list for PBXNativeTarget "WorkoutTracker" */;
			buildPhases = (
				ACE68CD52EFBFD1900FD186D /* Sources */,
				ACE68CD62EFBFD1900FD186D /* Frameworks */,
				ACE68CD72EFBFD1900FD186D /* Resources */,
				ACE68D262EFC421800FD186D /* Embed Foundation Extensions */,
				ACF4FCAD2F01698F00850F6E /* Embed Watch Content */,
			);
			buildRules = (
			);
			dependencies = (
				ACE68D202EFC421800FD186D /* PBXTargetDependency */,
				ACF4FCA52F01684800850F6E /* PBXTargetDependency */,
				ACF4FCA72F01685000850F6E /* PBXTargetDependency */,
				ACF4FCA92F01698C00850F6E /* PBXTargetDependency */,
				AC7165402F0169FC00C0DCDE /* PBXTargetDependency */,
				AC7165422F016A0000C0DCDE /* PBXTargetDependency */,
				ACDA5BAE2F06CF78007FF65F /* PBXTargetDependency */,
			);
			fileSystemSynchronizedGroups = (
				ACE68CDB2EFBFD1A00FD186D /* WorkoutTracker */,
			);
			name = WorkoutTracker;
			packageProductDependencies = (
			);
			productName = WorkoutTracker;
			productReference = ACE68CD92EFBFD1A00FD186D /* WorkoutTracker.app */;
			productType = "com.apple.product-type.application";
		};
		ACE68D0A2EFC421700FD186D /* WorkoutTimerWidgetExtension */ = {
			isa = PBXNativeTarget;
			buildConfigurationList = ACE68D232EFC421800FD186D /* Build configuration list for PBXNativeTarget "WorkoutTimerWidgetExtension" */;
			buildPhases = (
				ACE68D072EFC421700FD186D /* Sources */,
				ACE68D082EFC421700FD186D /* Frameworks */,
				ACE68D092EFC421700FD186D /* Resources */,
			);
			buildRules = (
			);
			dependencies = (
			);
			fileSystemSynchronizedGroups = (
				ACE68D112EFC421700FD186D /* WorkoutTimerWidget */,
			);
			name = WorkoutTimerWidgetExtension;
			packageProductDependencies = (
			);
			productName = WorkoutTimerWidgetExtension;
			productReference = ACE68D0B2EFC421700FD186D /* WorkoutTimerWidgetExtension.appex */;
			productType = "com.apple.product-type.app-extension";
		};
/* End PBXNativeTarget section */

/* Begin PBXProject section */
		ACE68CD12EFBFD1900FD186D /* Project object */ = {
			isa = PBXProject;
			attributes = {
				BuildIndependentTargetsInParallel = 1;
				LastSwiftUpdateCheck = 2620;
				LastUpgradeCheck = 2620;
				TargetAttributes = {
					ACDA5B9D2F06CF77007FF65F = {
						CreatedOnToolsVersion = 26.2;
					};
					ACE68CD82EFBFD1900FD186D = {
						CreatedOnToolsVersion = 26.2;
					};
					ACE68D0A2EFC421700FD186D = {
						CreatedOnToolsVersion = 26.2;
					};
				};
			};
			buildConfigurationList = ACE68CD42EFBFD1900FD186D /* Build configuration list for PBXProject "WorkoutTracker" */;
			developmentRegion = en;
			hasScannedForEncodings = 0;
			knownRegions = (
				en,
				Base,
				ru,
			);
			mainGroup = ACE68CD02EFBFD1900FD186D;
			minimizedProjectReferenceProxies = 1;
			preferredProjectObjectVersion = 77;
			productRefGroup = ACE68CDA2EFBFD1A00FD186D /* Products */;
			projectDirPath = "";
			projectRoot = "";
			targets = (
				ACE68CD82EFBFD1900FD186D /* WorkoutTracker */,
				ACE68D0A2EFC421700FD186D /* WorkoutTimerWidgetExtension */,
				ACDA5B9D2F06CF77007FF65F /* StatsWidgetExtension */,
			);
		};
/* End PBXProject section */

/* Begin PBXResourcesBuildPhase section */
		ACDA5B9C2F06CF77007FF65F /* Resources */ = {
			isa = PBXResourcesBuildPhase;
			buildActionMask = 2147483647;
			files = (
			);
			runOnlyForDeploymentPostprocessing = 0;
		};
		ACE68CD72EFBFD1900FD186D /* Resources */ = {
			isa = PBXResourcesBuildPhase;
			buildActionMask = 2147483647;
			files = (
			);
			runOnlyForDeploymentPostprocessing = 0;
		};
		ACE68D092EFC421700FD186D /* Resources */ = {
			isa = PBXResourcesBuildPhase;
			buildActionMask = 2147483647;
			files = (
			);
			runOnlyForDeploymentPostprocessing = 0;
		};
/* End PBXResourcesBuildPhase section */

/* Begin PBXSourcesBuildPhase section */
		ACDA5B9A2F06CF77007FF65F /* Sources */ = {
			isa = PBXSourcesBuildPhase;
			buildActionMask = 2147483647;
			files = (
			);
			runOnlyForDeploymentPostprocessing = 0;
		};
		ACE68CD52EFBFD1900FD186D /* Sources */ = {
			isa = PBXSourcesBuildPhase;
			buildActionMask = 2147483647;
			files = (
			);
			runOnlyForDeploymentPostprocessing = 0;
		};
		ACE68D072EFC421700FD186D /* Sources */ = {
			isa = PBXSourcesBuildPhase;
			buildActionMask = 2147483647;
			files = (
			);
			runOnlyForDeploymentPostprocessing = 0;
		};
/* End PBXSourcesBuildPhase section */

/* Begin PBXTargetDependency section */
		AC7165402F0169FC00C0DCDE /* PBXTargetDependency */ = {
			isa = PBXTargetDependency;
			targetProxy = AC71653F2F0169FC00C0DCDE /* PBXContainerItemProxy */;
		};
		AC7165422F016A0000C0DCDE /* PBXTargetDependency */ = {
			isa = PBXTargetDependency;
			targetProxy = AC7165412F016A0000C0DCDE /* PBXContainerItemProxy */;
		};
		ACDA5BAE2F06CF78007FF65F /* PBXTargetDependency */ = {
			isa = PBXTargetDependency;
			target = ACDA5B9D2F06CF77007FF65F /* StatsWidgetExtension */;
			targetProxy = ACDA5BAD2F06CF78007FF65F /* PBXContainerItemProxy */;
		};
		ACE68D202EFC421800FD186D /* PBXTargetDependency */ = {
			isa = PBXTargetDependency;
			target = ACE68D0A2EFC421700FD186D /* WorkoutTimerWidgetExtension */;
			targetProxy = ACE68D1F2EFC421800FD186D /* PBXContainerItemProxy */;
		};
		ACF4FCA52F01684800850F6E /* PBXTargetDependency */ = {
			isa = PBXTargetDependency;
			targetProxy = ACF4FCA42F01684800850F6E /* PBXContainerItemProxy */;
		};
		ACF4FCA72F01685000850F6E /* PBXTargetDependency */ = {
			isa = PBXTargetDependency;
			targetProxy = ACF4FCA62F01685000850F6E /* PBXContainerItemProxy */;
		};
		ACF4FCA92F01698C00850F6E /* PBXTargetDependency */ = {
			isa = PBXTargetDependency;
			targetProxy = ACF4FCA82F01698C00850F6E /* PBXContainerItemProxy */;
		};
/* End PBXTargetDependency section */

/* Begin XCBuildConfiguration section */
		ACDA5BB12F06CF78007FF65F /* Debug */ = {
			isa = XCBuildConfiguration;
			buildSettings = {
				ASSETCATALOG_COMPILER_GLOBAL_ACCENT_COLOR_NAME = AccentColor;
				ASSETCATALOG_COMPILER_WIDGET_BACKGROUND_COLOR_NAME = WidgetBackground;
				CODE_SIGN_ENTITLEMENTS = StatsWidgetExtension.entitlements;
				CODE_SIGN_STYLE = Automatic;
				CURRENT_PROJECT_VERSION = 1;
				DEVELOPMENT_TEAM = LSCCP92LMG;
				GENERATE_INFOPLIST_FILE = YES;
				INFOPLIST_FILE = StatsWidget/Info.plist;
				INFOPLIST_KEY_CFBundleDisplayName = StatsWidget;
				INFOPLIST_KEY_NSHumanReadableCopyright = "";
				IPHONEOS_DEPLOYMENT_TARGET = 17.6;
				LD_RUNPATH_SEARCH_PATHS = (
					"$(inherited)",
					"@executable_path/Frameworks",
					"@executable_path/../../Frameworks",
				);
				MARKETING_VERSION = 1.0;
				PRODUCT_BUNDLE_IDENTIFIER = com.borisdev.WorkoutTracker.StatsWidget;
				PRODUCT_NAME = "$(TARGET_NAME)";
				SKIP_INSTALL = YES;
				STRING_CATALOG_GENERATE_SYMBOLS = YES;
				SWIFT_APPROACHABLE_CONCURRENCY = YES;
				SWIFT_EMIT_LOC_STRINGS = YES;
				SWIFT_UPCOMING_FEATURE_MEMBER_IMPORT_VISIBILITY = YES;
				SWIFT_VERSION = 5.0;
				TARGETED_DEVICE_FAMILY = "1,2";
			};
			name = Debug;
		};
		ACDA5BB22F06CF78007FF65F /* Release */ = {
			isa = XCBuildConfiguration;
			buildSettings = {
				ASSETCATALOG_COMPILER_GLOBAL_ACCENT_COLOR_NAME = AccentColor;
				ASSETCATALOG_COMPILER_WIDGET_BACKGROUND_COLOR_NAME = WidgetBackground;
				CODE_SIGN_ENTITLEMENTS = StatsWidgetExtension.entitlements;
				CODE_SIGN_STYLE = Automatic;
				CURRENT_PROJECT_VERSION = 1;
				DEVELOPMENT_TEAM = LSCCP92LMG;
				GENERATE_INFOPLIST_FILE = YES;
				INFOPLIST_FILE = StatsWidget/Info.plist;
				INFOPLIST_KEY_CFBundleDisplayName = StatsWidget;
				INFOPLIST_KEY_NSHumanReadableCopyright = "";
				IPHONEOS_DEPLOYMENT_TARGET = 17.6;
				LD_RUNPATH_SEARCH_PATHS = (
					"$(inherited)",
					"@executable_path/Frameworks",
					"@executable_path/../../Frameworks",
				);
				MARKETING_VERSION = 1.0;
				PRODUCT_BUNDLE_IDENTIFIER = com.borisdev.WorkoutTracker.StatsWidget;
				PRODUCT_NAME = "$(TARGET_NAME)";
				SKIP_INSTALL = YES;
				STRING_CATALOG_GENERATE_SYMBOLS = YES;
				SWIFT_APPROACHABLE_CONCURRENCY = YES;
				SWIFT_EMIT_LOC_STRINGS = YES;
				SWIFT_UPCOMING_FEATURE_MEMBER_IMPORT_VISIBILITY = YES;
				SWIFT_VERSION = 5.0;
				TARGETED_DEVICE_FAMILY = "1,2";
			};
			name = Release;
		};
		ACE68CE22EFBFD1A00FD186D /* Debug */ = {
			isa = XCBuildConfiguration;
			buildSettings = {
				ALWAYS_SEARCH_USER_PATHS = NO;
				ASSETCATALOG_COMPILER_GENERATE_SWIFT_ASSET_SYMBOL_EXTENSIONS = YES;
				CLANG_ANALYZER_NONNULL = YES;
				CLANG_ANALYZER_NUMBER_OBJECT_CONVERSION = YES_AGGRESSIVE;
				CLANG_CXX_LANGUAGE_STANDARD = "gnu++20";
				CLANG_ENABLE_MODULES = YES;
				CLANG_ENABLE_OBJC_ARC = YES;
				CLANG_ENABLE_OBJC_WEAK = YES;
				CLANG_WARN_BLOCK_CAPTURE_AUTORELEASING = YES;
				CLANG_WARN_BOOL_CONVERSION = YES;
				CLANG_WARN_COMMA = YES;
				CLANG_WARN_CONSTANT_CONVERSION = YES;
				CLANG_WARN_DEPRECATED_OBJC_IMPLEMENTATIONS = YES;
				CLANG_WARN_DIRECT_OBJC_ISA_USAGE = YES_ERROR;
				CLANG_WARN_DOCUMENTATION_COMMENTS = YES;
				CLANG_WARN_EMPTY_BODY = YES;
				CLANG_WARN_ENUM_CONVERSION = YES;
				CLANG_WARN_INFINITE_RECURSION = YES;
				CLANG_WARN_INT_CONVERSION = YES;
				CLANG_WARN_NON_LITERAL_NULL_CONVERSION = YES;
				CLANG_WARN_OBJC_IMPLICIT_RETAIN_SELF = YES;
				CLANG_WARN_OBJC_LITERAL_CONVERSION = YES;
				CLANG_WARN_OBJC_ROOT_CLASS = YES_ERROR;
				CLANG_WARN_QUOTED_INCLUDE_IN_FRAMEWORK_HEADER = YES;
				CLANG_WARN_RANGE_LOOP_ANALYSIS = YES;
				CLANG_WARN_STRICT_PROTOTYPES = YES;
				CLANG_WARN_SUSPICIOUS_MOVE = YES;
				CLANG_WARN_UNGUARDED_AVAILABILITY = YES_AGGRESSIVE;
				CLANG_WARN_UNREACHABLE_CODE = YES;
				CLANG_WARN__DUPLICATE_METHOD_MATCH = YES;
				COPY_PHASE_STRIP = NO;
				DEBUG_INFORMATION_FORMAT = dwarf;
				ENABLE_STRICT_OBJC_MSGSEND = YES;
				ENABLE_TESTABILITY = YES;
				ENABLE_USER_SCRIPT_SANDBOXING = YES;
				GCC_C_LANGUAGE_STANDARD = gnu17;
				GCC_DYNAMIC_NO_PIC = NO;
				GCC_NO_COMMON_BLOCKS = YES;
				GCC_OPTIMIZATION_LEVEL = 0;
				GCC_PREPROCESSOR_DEFINITIONS = (
					"DEBUG=1",
					"$(inherited)",
				);
				GCC_WARN_64_TO_32_BIT_CONVERSION = YES;
				GCC_WARN_ABOUT_RETURN_TYPE = YES_ERROR;
				GCC_WARN_UNDECLARED_SELECTOR = YES;
				GCC_WARN_UNINITIALIZED_AUTOS = YES_AGGRESSIVE;
				GCC_WARN_UNUSED_FUNCTION = YES;
				GCC_WARN_UNUSED_VARIABLE = YES;
				IPHONEOS_DEPLOYMENT_TARGET = 17.6;
				LOCALIZATION_PREFERS_STRING_CATALOGS = YES;
				MTL_ENABLE_DEBUG_INFO = INCLUDE_SOURCE;
				MTL_FAST_MATH = YES;
				ONLY_ACTIVE_ARCH = YES;
				SDKROOT = iphoneos;
				SWIFT_ACTIVE_COMPILATION_CONDITIONS = "DEBUG $(inherited)";
				SWIFT_EMIT_LOC_STRINGS = YES;
				SWIFT_OPTIMIZATION_LEVEL = "-Onone";
				WATCHOS_DEPLOYMENT_TARGET = 11.6;
			};
			name = Debug;
		};
		ACE68CE32EFBFD1A00FD186D /* Release */ = {
			isa = XCBuildConfiguration;
			buildSettings = {
				ALWAYS_SEARCH_USER_PATHS = NO;
				ASSETCATALOG_COMPILER_GENERATE_SWIFT_ASSET_SYMBOL_EXTENSIONS = YES;
				CLANG_ANALYZER_NONNULL = YES;
				CLANG_ANALYZER_NUMBER_OBJECT_CONVERSION = YES_AGGRESSIVE;
				CLANG_CXX_LANGUAGE_STANDARD = "gnu++20";
				CLANG_ENABLE_MODULES = YES;
				CLANG_ENABLE_OBJC_ARC = YES;
				CLANG_ENABLE_OBJC_WEAK = YES;
				CLANG_WARN_BLOCK_CAPTURE_AUTORELEASING = YES;
				CLANG_WARN_BOOL_CONVERSION = YES;
				CLANG_WARN_COMMA = YES;
				CLANG_WARN_CONSTANT_CONVERSION = YES;
				CLANG_WARN_DEPRECATED_OBJC_IMPLEMENTATIONS = YES;
				CLANG_WARN_DIRECT_OBJC_ISA_USAGE = YES_ERROR;
				CLANG_WARN_DOCUMENTATION_COMMENTS = YES;
				CLANG_WARN_EMPTY_BODY = YES;
				CLANG_WARN_ENUM_CONVERSION = YES;
				CLANG_WARN_INFINITE_RECURSION = YES;
				CLANG_WARN_INT_CONVERSION = YES;
				CLANG_WARN_NON_LITERAL_NULL_CONVERSION = YES;
				CLANG_WARN_OBJC_IMPLICIT_RETAIN_SELF = YES;
				CLANG_WARN_OBJC_LITERAL_CONVERSION = YES;
				CLANG_WARN_OBJC_ROOT_CLASS = YES_ERROR;
				CLANG_WARN_QUOTED_INCLUDE_IN_FRAMEWORK_HEADER = YES;
				CLANG_WARN_RANGE_LOOP_ANALYSIS = YES;
				CLANG_WARN_STRICT_PROTOTYPES = YES;
				CLANG_WARN_SUSPICIOUS_MOVE = YES;
				CLANG_WARN_UNGUARDED_AVAILABILITY = YES_AGGRESSIVE;
				CLANG_WARN_UNREACHABLE_CODE = YES;
				CLANG_WARN__DUPLICATE_METHOD_MATCH = YES;
				COPY_PHASE_STRIP = NO;
				DEBUG_INFORMATION_FORMAT = "dwarf-with-dsym";
				ENABLE_NS_ASSERTIONS = NO;
				ENABLE_STRICT_OBJC_MSGSEND = YES;
				ENABLE_USER_SCRIPT_SANDBOXING = YES;
				GCC_C_LANGUAGE_STANDARD = gnu17;
				GCC_NO_COMMON_BLOCKS = YES;
				GCC_WARN_64_TO_32_BIT_CONVERSION = YES;
				GCC_WARN_ABOUT_RETURN_TYPE = YES_ERROR;
				GCC_WARN_UNDECLARED_SELECTOR = YES;
				GCC_WARN_UNINITIALIZED_AUTOS = YES_AGGRESSIVE;
				GCC_WARN_UNUSED_FUNCTION = YES;
				GCC_WARN_UNUSED_VARIABLE = YES;
				IPHONEOS_DEPLOYMENT_TARGET = 17.6;
				LOCALIZATION_PREFERS_STRING_CATALOGS = YES;
				MTL_ENABLE_DEBUG_INFO = NO;
				MTL_FAST_MATH = YES;
				SDKROOT = iphoneos;
				SWIFT_COMPILATION_MODE = wholemodule;
				SWIFT_EMIT_LOC_STRINGS = YES;
				VALIDATE_PRODUCT = YES;
				WATCHOS_DEPLOYMENT_TARGET = 11.6;
			};
			name = Release;
		};
		ACE68CE52EFBFD1A00FD186D /* Debug */ = {
			isa = XCBuildConfiguration;
			buildSettings = {
				ASSETCATALOG_COMPILER_APPICON_NAME = AppIcon;
				ASSETCATALOG_COMPILER_GLOBAL_ACCENT_COLOR_NAME = AccentColor;
				CODE_SIGN_ENTITLEMENTS = WorkoutTracker/WorkoutTracker.entitlements;
				CODE_SIGN_STYLE = Automatic;
				CURRENT_PROJECT_VERSION = 1;
				DEVELOPMENT_TEAM = LSCCP92LMG;
				ENABLE_PREVIEWS = YES;
				GENERATE_INFOPLIST_FILE = YES;
				INFOPLIST_FILE = WorkoutTracker/Info.plist;
				INFOPLIST_KEY_NSSupportsLiveActivities = YES;
				INFOPLIST_KEY_UIApplicationSceneManifest_Generation = YES;
				INFOPLIST_KEY_UILaunchScreen_Generation = YES;
				INFOPLIST_KEY_UISupportedInterfaceOrientations_iPad = "UIInterfaceOrientationPortrait UIInterfaceOrientationPortraitUpsideDown UIInterfaceOrientationLandscapeLeft UIInterfaceOrientationLandscapeRight";
				INFOPLIST_KEY_UISupportedInterfaceOrientations_iPhone = "UIInterfaceOrientationPortrait UIInterfaceOrientationLandscapeLeft UIInterfaceOrientationLandscapeRight";
				IPHONEOS_DEPLOYMENT_TARGET = 17.6;
				LD_RUNPATH_SEARCH_PATHS = (
					"$(inherited)",
					"@executable_path/Frameworks",
				);
				MARKETING_VERSION = 1.0;
				PRODUCT_BUNDLE_IDENTIFIER = com.borisdev.WorkoutTracker;
				PRODUCT_NAME = "$(TARGET_NAME)";
				STRING_CATALOG_GENERATE_SYMBOLS = YES;
				SWIFT_APPROACHABLE_CONCURRENCY = YES;
				SWIFT_DEFAULT_ACTOR_ISOLATION = MainActor;
				SWIFT_EMIT_LOC_STRINGS = YES;
				SWIFT_UPCOMING_FEATURE_MEMBER_IMPORT_VISIBILITY = YES;
				SWIFT_VERSION = 5.0;
				TARGETED_DEVICE_FAMILY = "1,2";
			};
			name = Debug;
		};
		ACE68CE62EFBFD1A00FD186D /* Release */ = {
			isa = XCBuildConfiguration;
			buildSettings = {
				ASSETCATALOG_COMPILER_APPICON_NAME = AppIcon;
				ASSETCATALOG_COMPILER_GLOBAL_ACCENT_COLOR_NAME = AccentColor;
				CODE_SIGN_ENTITLEMENTS = WorkoutTracker/WorkoutTracker.entitlements;
				CODE_SIGN_STYLE = Automatic;
				CURRENT_PROJECT_VERSION = 1;
				DEVELOPMENT_TEAM = LSCCP92LMG;
				ENABLE_PREVIEWS = YES;
				GENERATE_INFOPLIST_FILE = YES;
				INFOPLIST_FILE = WorkoutTracker/Info.plist;
				INFOPLIST_KEY_NSSupportsLiveActivities = YES;
				INFOPLIST_KEY_UIApplicationSceneManifest_Generation = YES;
				INFOPLIST_KEY_UILaunchScreen_Generation = YES;
				INFOPLIST_KEY_UISupportedInterfaceOrientations_iPad = "UIInterfaceOrientationPortrait UIInterfaceOrientationPortraitUpsideDown UIInterfaceOrientationLandscapeLeft UIInterfaceOrientationLandscapeRight";
				INFOPLIST_KEY_UISupportedInterfaceOrientations_iPhone = "UIInterfaceOrientationPortrait UIInterfaceOrientationLandscapeLeft UIInterfaceOrientationLandscapeRight";
				IPHONEOS_DEPLOYMENT_TARGET = 17.6;
				LD_RUNPATH_SEARCH_PATHS = (
					"$(inherited)",
					"@executable_path/Frameworks",
				);
				MARKETING_VERSION = 1.0;
				PRODUCT_BUNDLE_IDENTIFIER = com.borisdev.WorkoutTracker;
				PRODUCT_NAME = "$(TARGET_NAME)";
				STRING_CATALOG_GENERATE_SYMBOLS = YES;
				SWIFT_APPROACHABLE_CONCURRENCY = YES;
				SWIFT_DEFAULT_ACTOR_ISOLATION = MainActor;
				SWIFT_EMIT_LOC_STRINGS = YES;
				SWIFT_UPCOMING_FEATURE_MEMBER_IMPORT_VISIBILITY = YES;
				SWIFT_VERSION = 5.0;
				TARGETED_DEVICE_FAMILY = "1,2";
			};
			name = Release;
		};
		ACE68D242EFC421800FD186D /* Debug */ = {
			isa = XCBuildConfiguration;
			buildSettings = {
				ASSETCATALOG_COMPILER_GLOBAL_ACCENT_COLOR_NAME = AccentColor;
				ASSETCATALOG_COMPILER_WIDGET_BACKGROUND_COLOR_NAME = WidgetBackground;
				CODE_SIGN_IDENTITY = "Apple Development";
				CODE_SIGN_STYLE = Automatic;
				CURRENT_PROJECT_VERSION = 1;
				DEVELOPMENT_TEAM = LSCCP92LMG;
				GENERATE_INFOPLIST_FILE = YES;
				INFOPLIST_FILE = WorkoutTimerWidget/Info.plist;
				INFOPLIST_KEY_CFBundleDisplayName = WorkoutTimerWidget;
				INFOPLIST_KEY_NSHumanReadableCopyright = "";
				INFOPLIST_KEY_NSSupportsLiveActivities = YES;
				IPHONEOS_DEPLOYMENT_TARGET = 17.6;
				LD_RUNPATH_SEARCH_PATHS = (
					"$(inherited)",
					"@executable_path/Frameworks",
					"@executable_path/../../Frameworks",
				);
				MARKETING_VERSION = 1.0;
				PRODUCT_BUNDLE_IDENTIFIER = com.borisdev.WorkoutTracker.WorkoutTimerWidget;
				PRODUCT_NAME = "$(TARGET_NAME)";
				PROVISIONING_PROFILE_SPECIFIER = "";
				SKIP_INSTALL = YES;
				STRING_CATALOG_GENERATE_SYMBOLS = YES;
				SWIFT_APPROACHABLE_CONCURRENCY = YES;
				SWIFT_EMIT_LOC_STRINGS = YES;
				SWIFT_UPCOMING_FEATURE_MEMBER_IMPORT_VISIBILITY = YES;
				SWIFT_VERSION = 5.0;
				TARGETED_DEVICE_FAMILY = "1,2";
			};
			name = Debug;
		};
		ACE68D252EFC421800FD186D /* Release */ = {
			isa = XCBuildConfiguration;
			buildSettings = {
				ASSETCATALOG_COMPILER_GLOBAL_ACCENT_COLOR_NAME = AccentColor;
				ASSETCATALOG_COMPILER_WIDGET_BACKGROUND_COLOR_NAME = WidgetBackground;
				CODE_SIGN_IDENTITY = "Apple Development";
				CODE_SIGN_STYLE = Automatic;
				CURRENT_PROJECT_VERSION = 1;
				DEVELOPMENT_TEAM = LSCCP92LMG;
				GENERATE_INFOPLIST_FILE = YES;
				INFOPLIST_FILE = WorkoutTimerWidget/Info.plist;
				INFOPLIST_KEY_CFBundleDisplayName = WorkoutTimerWidget;
				INFOPLIST_KEY_NSHumanReadableCopyright = "";
				INFOPLIST_KEY_NSSupportsLiveActivities = YES;
				IPHONEOS_DEPLOYMENT_TARGET = 17.6;
				LD_RUNPATH_SEARCH_PATHS = (
					"$(inherited)",
					"@executable_path/Frameworks",
					"@executable_path/../../Frameworks",
				);
				MARKETING_VERSION = 1.0;
				PRODUCT_BUNDLE_IDENTIFIER = com.borisdev.WorkoutTracker.WorkoutTimerWidget;
				PRODUCT_NAME = "$(TARGET_NAME)";
				PROVISIONING_PROFILE_SPECIFIER = "";
				SKIP_INSTALL = YES;
				STRING_CATALOG_GENERATE_SYMBOLS = YES;
				SWIFT_APPROACHABLE_CONCURRENCY = YES;
				SWIFT_EMIT_LOC_STRINGS = YES;
				SWIFT_UPCOMING_FEATURE_MEMBER_IMPORT_VISIBILITY = YES;
				SWIFT_VERSION = 5.0;
				TARGETED_DEVICE_FAMILY = "1,2";
			};
			name = Release;
		};
/* End XCBuildConfiguration section */

/* Begin XCConfigurationList section */
		ACDA5BB02F06CF78007FF65F /* Build configuration list for PBXNativeTarget "StatsWidgetExtension" */ = {
			isa = XCConfigurationList;
			buildConfigurations = (
				ACDA5BB12F06CF78007FF65F /* Debug */,
				ACDA5BB22F06CF78007FF65F /* Release */,
			);
			defaultConfigurationIsVisible = 0;
			defaultConfigurationName = Release;
		};
		ACE68CD42EFBFD1900FD186D /* Build configuration list for PBXProject "WorkoutTracker" */ = {
			isa = XCConfigurationList;
			buildConfigurations = (
				ACE68CE22EFBFD1A00FD186D /* Debug */,
				ACE68CE32EFBFD1A00FD186D /* Release */,
			);
			defaultConfigurationIsVisible = 0;
			defaultConfigurationName = Release;
		};
		ACE68CE42EFBFD1A00FD186D /* Build configuration list for PBXNativeTarget "WorkoutTracker" */ = {
			isa = XCConfigurationList;
			buildConfigurations = (
				ACE68CE52EFBFD1A00FD186D /* Debug */,
				ACE68CE62EFBFD1A00FD186D /* Release */,
			);
			defaultConfigurationIsVisible = 0;
			defaultConfigurationName = Release;
		};
		ACE68D232EFC421800FD186D /* Build configuration list for PBXNativeTarget "WorkoutTimerWidgetExtension" */ = {
			isa = XCConfigurationList;
			buildConfigurations = (
				ACE68D242EFC421800FD186D /* Debug */,
				ACE68D252EFC421800FD186D /* Release */,
			);
			defaultConfigurationIsVisible = 0;
			defaultConfigurationName = Release;
		};
/* End XCConfigurationList section */
	};
	rootObject = ACE68CD12EFBFD1900FD186D /* Project object */;
}
